
Microsoft Visual Studio Solution File, Format Version 12.00
# Visual Studio Version 17
VisualStudioVersion = 17.8.34408.163
MinimumVisualStudioVersion = 10.0.40219.1
Project("{8BC9CEB8-8B4A-11D0-8D11-00A0C91BC942}") = "Zenith Loader", "Zenith Loader.vcxproj", "{0551E667-3614-446B-95DA-6428025B8C51}"
EndProject
Global
	GlobalSection(SolutionConfigurationPlatforms) = preSolution
		Debug|x64 = Debug|x64
		Debug|x86 = Debug|x86
		Release|x64 = Release|x64
		Release|x86 = Release|x86
	EndGlobalSection
	GlobalSection(ProjectConfigurationPlatforms) = postSolution
		{0551E667-3614-446B-95DA-6428025B8C51}.Debug|x64.ActiveCfg = Debug|x64
		{0551E667-3614-446B-95DA-6428025B8C51}.Debug|x64.Build.0 = Debug|x64
		{0551E667-3614-446B-95DA-6428025B8C51}.Debug|x86.ActiveCfg = Debug|Win32
		{0551E667-3614-446B-95DA-6428025B8C51}.Debug|x86.Build.0 = Debug|Win32
		{0551E667-3614-446B-95DA-6428025B8C51}.Release|x64.ActiveCfg = Release|x64
		{0551E667-3614-446B-95DA-6428025B8C51}.Release|x64.Build.0 = Release|x64
		{0551E667-3614-446B-95DA-6428025B8C51}.Release|x86.ActiveCfg = Release|Win32
		{0551E667-3614-446B-95DA-6428025B8C51}.Release|x86.Build.0 = Release|Win32
	EndGlobalSection
	GlobalSection(SolutionProperties) = preSolution
		HideSolutionNode = FALSE
	EndGlobalSection
	GlobalSection(ExtensibilityGlobals) = postSolution
		SolutionGuid = {7324FA44-F705-40C1-A457-1E0AA85E98A1}
	EndGlobalSection
EndGlobal
